
Microsoft Visual Studio Solution File, Format Version 12.00
# Visual Studio Version 16
VisualStudioVersion = 16.0.32228.343
MinimumVisualStudioVersion = 10.0.40219.1
Project("{8BC9CEB8-8B4A-11D0-8D11-00A0C91BC942}") = "Assignment 5 CSCI268 Lucas Furlong", "Assignment 5 CSCI268 Lucas Furlong\Assignment 5 CSCI268 Lucas Furlong.vcxproj", "{D2DB8702-7C3A-4F22-A240-85EF253192BA}"
EndProject
Global
	GlobalSection(SolutionConfigurationPlatforms) = preSolution
		Debug|x86 = Debug|x86
		Release|x86 = Release|x86
	EndGlobalSection
	GlobalSection(ProjectConfigurationPlatforms) = postSolution
		{D2DB8702-7C3A-4F22-A240-85EF253192BA}.Debug|x86.ActiveCfg = Debug|Win32
		{D2DB8702-7C3A-4F22-A240-85EF253192BA}.Debug|x86.Build.0 = Debug|Win32
		{D2DB8702-7C3A-4F22-A240-85EF253192BA}.Release|x86.ActiveCfg = Release|Win32
		{D2DB8702-7C3A-4F22-A240-85EF253192BA}.Release|x86.Build.0 = Release|Win32
	EndGlobalSection
	GlobalSection(SolutionProperties) = preSolution
		HideSolutionNode = FALSE
	EndGlobalSection
	GlobalSection(ExtensibilityGlobals) = postSolution
		SolutionGuid = {6A5D8B70-FFFF-4A3D-ADA7-35DF656581B1}
	EndGlobalSection
EndGlobal
